
Microsoft Visual Studio Solution File, Format Version 12.00
# Visual Studio Version 16
VisualStudioVersion = 16.0.29709.97
MinimumVisualStudioVersion = 10.0.40219.1
Project("{FAE04EC0-301F-11D3-BF4B-00C04F79EFBC}") = "Setup", "Setup\Setup.csproj", "{C911AD5B-8F5C-4916-B4E5-A7DB5816CB87}"
EndProject
Project("{FAE04EC0-301F-11D3-BF4B-00C04F79EFBC}") = "Uninstall", "Uninstall\Uninstall.csproj", "{2328327B-32CD-4E49-A8F9-E6C840A94D84}"
EndProject
Global
	GlobalSection(SolutionConfigurationPlatforms) = preSolution
		Debug|Any CPU = Debug|Any CPU
		Release|Any CPU = Release|Any CPU
	EndGlobalSection
	GlobalSection(ProjectConfigurationPlatforms) = postSolution
		{C911AD5B-8F5C-4916-B4E5-A7DB5816CB87}.Debug|Any CPU.ActiveCfg = Debug|Any CPU
		{C911AD5B-8F5C-4916-B4E5-A7DB5816CB87}.Debug|Any CPU.Build.0 = Debug|Any CPU
		{C911AD5B-8F5C-4916-B4E5-A7DB5816CB87}.Release|Any CPU.ActiveCfg = Release|Any CPU
		{C911AD5B-8F5C-4916-B4E5-A7DB5816CB87}.Release|Any CPU.Build.0 = Release|Any CPU
		{2328327B-32CD-4E49-A8F9-E6C840A94D84}.Debug|Any CPU.ActiveCfg = Debug|Any CPU
		{2328327B-32CD-4E49-A8F9-E6C840A94D84}.Debug|Any CPU.Build.0 = Debug|Any CPU
		{2328327B-32CD-4E49-A8F9-E6C840A94D84}.Release|Any CPU.ActiveCfg = Release|Any CPU
		{2328327B-32CD-4E49-A8F9-E6C840A94D84}.Release|Any CPU.Build.0 = Release|Any CPU
	EndGlobalSection
	GlobalSection(SolutionProperties) = preSolution
		HideSolutionNode = FALSE
	EndGlobalSection
	GlobalSection(ExtensibilityGlobals) = postSolution
		SolutionGuid = {3EE195C2-01E9-4506-8C6E-1B929DC8AD7C}
	EndGlobalSection
EndGlobal
